
Microsoft Visual Studio Solution File, Format Version 12.00
# Visual Studio Version 17
VisualStudioVersion = 17.9.34622.214
MinimumVisualStudioVersion = 10.0.40219.1
Project("{9A19103F-16F7-4668-BE54-9A1E7A4F7556}") = "Sada.Core.Domain", "Sada.Core.Domain\Sada.Core.Domain.csproj", "{E118434C-F582-4334-8C4E-BF1B10AFF47E}"
EndProject
Project("{2150E333-8FDC-42A3-9474-1A3956D46DE8}") = "Solution Items", "Solution Items", "{94FD7096-B9B4-4A7E-8174-09146ABEBB76}"
	ProjectSection(SolutionItems) = preProject
		.gitignore = .gitignore
		.todo = .todo
	EndProjectSection
EndProject
Project("{9A19103F-16F7-4668-BE54-9A1E7A4F7556}") = "Sada.Core.Application", "Sada.Core.Application\Sada.Core.Application.csproj", "{277559F4-058F-4098-8396-46F33625359B}"
EndProject
Project("{9A19103F-16F7-4668-BE54-9A1E7A4F7556}") = "Sada.Infrastructure", "Sada.Infrastructure\Sada.Infrastructure.csproj", "{312E363D-3137-442E-8921-5C7352D80232}"
EndProject
Global
	GlobalSection(SolutionConfigurationPlatforms) = preSolution
		Debug|Any CPU = Debug|Any CPU
		Release|Any CPU = Release|Any CPU
	EndGlobalSection
	GlobalSection(ProjectConfigurationPlatforms) = postSolution
		{E118434C-F582-4334-8C4E-BF1B10AFF47E}.Debug|Any CPU.ActiveCfg = Debug|Any CPU
		{E118434C-F582-4334-8C4E-BF1B10AFF47E}.Debug|Any CPU.Build.0 = Debug|Any CPU
		{E118434C-F582-4334-8C4E-BF1B10AFF47E}.Release|Any CPU.ActiveCfg = Release|Any CPU
		{E118434C-F582-4334-8C4E-BF1B10AFF47E}.Release|Any CPU.Build.0 = Release|Any CPU
		{277559F4-058F-4098-8396-46F33625359B}.Debug|Any CPU.ActiveCfg = Debug|Any CPU
		{277559F4-058F-4098-8396-46F33625359B}.Debug|Any CPU.Build.0 = Debug|Any CPU
		{277559F4-058F-4098-8396-46F33625359B}.Release|Any CPU.ActiveCfg = Release|Any CPU
		{277559F4-058F-4098-8396-46F33625359B}.Release|Any CPU.Build.0 = Release|Any CPU
		{312E363D-3137-442E-8921-5C7352D80232}.Debug|Any CPU.ActiveCfg = Debug|Any CPU
		{312E363D-3137-442E-8921-5C7352D80232}.Debug|Any CPU.Build.0 = Debug|Any CPU
		{312E363D-3137-442E-8921-5C7352D80232}.Release|Any CPU.ActiveCfg = Release|Any CPU
		{312E363D-3137-442E-8921-5C7352D80232}.Release|Any CPU.Build.0 = Release|Any CPU
	EndGlobalSection
	GlobalSection(SolutionProperties) = preSolution
		HideSolutionNode = FALSE
	EndGlobalSection
	GlobalSection(ExtensibilityGlobals) = postSolution
		SolutionGuid = {3D1054FF-1FD6-4727-BF5F-B031745CA907}
	EndGlobalSection
EndGlobal
